
Microsoft Visual Studio Solution File, Format Version 12.00
# Visual Studio 15
VisualStudioVersion = 15.0.27130.2020
MinimumVisualStudioVersion = 10.0.40219.1
Project("{FAE04EC0-301F-11D3-BF4B-00C04F79EFBC}") = "Vision", "Vision\Vision.csproj", "{6223696B-386E-4390-99BD-F9375FA89BC6}"
EndProject
Global
	GlobalSection(SolutionConfigurationPlatforms) = preSolution
		Debug|Any CPU = Debug|Any CPU
		Release|Any CPU = Release|Any CPU
	EndGlobalSection
	GlobalSection(ProjectConfigurationPlatforms) = postSolution
		{6223696B-386E-4390-99BD-F9375FA89BC6}.Debug|Any CPU.ActiveCfg = Debug|Any CPU
		{6223696B-386E-4390-99BD-F9375FA89BC6}.Debug|Any CPU.Build.0 = Debug|Any CPU
		{6223696B-386E-4390-99BD-F9375FA89BC6}.Release|Any CPU.ActiveCfg = Release|Any CPU
		{6223696B-386E-4390-99BD-F9375FA89BC6}.Release|Any CPU.Build.0 = Release|Any CPU
	EndGlobalSection
	GlobalSection(SolutionProperties) = preSolution
		HideSolutionNode = FALSE
	EndGlobalSection
	GlobalSection(ExtensibilityGlobals) = postSolution
		SolutionGuid = {2FF1C518-B595-4AF7-820A-AE32BAE1B49B}
	EndGlobalSection
EndGlobal
